
Microsoft Visual Studio Solution File, Format Version 12.00
# Visual Studio Version 17
VisualStudioVersion = 17.5.33424.131
MinimumVisualStudioVersion = 10.0.40219.1
Project("{FAE04EC0-301F-11D3-BF4B-00C04F79EFBC}") = "media de 3 numeros", "media de 3 numeros\media de 3 numeros.csproj", "{29F9E814-EA4E-4AD4-BF7A-A4D084F2E4BA}"
EndProject
Global
	GlobalSection(SolutionConfigurationPlatforms) = preSolution
		Debug|Any CPU = Debug|Any CPU
		Release|Any CPU = Release|Any CPU
	EndGlobalSection
	GlobalSection(ProjectConfigurationPlatforms) = postSolution
		{29F9E814-EA4E-4AD4-BF7A-A4D084F2E4BA}.Debug|Any CPU.ActiveCfg = Debug|Any CPU
		{29F9E814-EA4E-4AD4-BF7A-A4D084F2E4BA}.Debug|Any CPU.Build.0 = Debug|Any CPU
		{29F9E814-EA4E-4AD4-BF7A-A4D084F2E4BA}.Release|Any CPU.ActiveCfg = Release|Any CPU
		{29F9E814-EA4E-4AD4-BF7A-A4D084F2E4BA}.Release|Any CPU.Build.0 = Release|Any CPU
	EndGlobalSection
	GlobalSection(SolutionProperties) = preSolution
		HideSolutionNode = FALSE
	EndGlobalSection
	GlobalSection(ExtensibilityGlobals) = postSolution
		SolutionGuid = {8A66E1E2-8030-4281-BFCF-4EBAC5D10817}
	EndGlobalSection
EndGlobal
